
Microsoft Visual Studio Solution File, Format Version 12.00
# Visual Studio Version 16
VisualStudioVersion = 16.0.31729.503
MinimumVisualStudioVersion = 10.0.40219.1
Project("{FAE04EC0-301F-11D3-BF4B-00C04F79EFBC}") = "EcommerceLiteUI", "EcommerceLiteUI\EcommerceLiteUI.csproj", "{0EF40BB1-C2A5-44A2-B95C-B205764B4D82}"
EndProject
Project("{FAE04EC0-301F-11D3-BF4B-00C04F79EFBC}") = "EcommerceLiteEntity", "EcommerceLiteEntity\EcommerceLiteEntity.csproj", "{20CDA115-7A60-4D06-A9C3-920CC4E2A7D7}"
EndProject
Project("{FAE04EC0-301F-11D3-BF4B-00C04F79EFBC}") = "EcommerceLiteDAL", "EcommerceLiteDAL\EcommerceLiteDAL.csproj", "{0FB12F1A-69C7-43FC-A8A9-2B21293708B2}"
EndProject
Project("{FAE04EC0-301F-11D3-BF4B-00C04F79EFBC}") = "EcommerceLiteBLL", "EcommerceLiteBLL\EcommerceLiteBLL.csproj", "{3A4E3E69-7C58-4498-BA7A-2F1C95D10B4D}"
EndProject
Project("{2150E333-8FDC-42A3-9474-1A3956D46DE8}") = "Solution Items", "Solution Items", "{945843D5-EC2A-4C02-9448-6BB0B1598FCF}"
	ProjectSection(SolutionItems) = preProject
		NotesAboutSolution.txt = NotesAboutSolution.txt
	EndProjectSection
EndProject
Global
	GlobalSection(SolutionConfigurationPlatforms) = preSolution
		Debug|Any CPU = Debug|Any CPU
		Release|Any CPU = Release|Any CPU
	EndGlobalSection
	GlobalSection(ProjectConfigurationPlatforms) = postSolution
		{0EF40BB1-C2A5-44A2-B95C-B205764B4D82}.Debug|Any CPU.ActiveCfg = Debug|Any CPU
		{0EF40BB1-C2A5-44A2-B95C-B205764B4D82}.Debug|Any CPU.Build.0 = Debug|Any CPU
		{0EF40BB1-C2A5-44A2-B95C-B205764B4D82}.Release|Any CPU.ActiveCfg = Release|Any CPU
		{0EF40BB1-C2A5-44A2-B95C-B205764B4D82}.Release|Any CPU.Build.0 = Release|Any CPU
		{20CDA115-7A60-4D06-A9C3-920CC4E2A7D7}.Debug|Any CPU.ActiveCfg = Debug|Any CPU
		{20CDA115-7A60-4D06-A9C3-920CC4E2A7D7}.Debug|Any CPU.Build.0 = Debug|Any CPU
		{20CDA115-7A60-4D06-A9C3-920CC4E2A7D7}.Release|Any CPU.ActiveCfg = Release|Any CPU
		{20CDA115-7A60-4D06-A9C3-920CC4E2A7D7}.Release|Any CPU.Build.0 = Release|Any CPU
		{0FB12F1A-69C7-43FC-A8A9-2B21293708B2}.Debug|Any CPU.ActiveCfg = Debug|Any CPU
		{0FB12F1A-69C7-43FC-A8A9-2B21293708B2}.Debug|Any CPU.Build.0 = Debug|Any CPU
		{0FB12F1A-69C7-43FC-A8A9-2B21293708B2}.Release|Any CPU.ActiveCfg = Release|Any CPU
		{0FB12F1A-69C7-43FC-A8A9-2B21293708B2}.Release|Any CPU.Build.0 = Release|Any CPU
		{3A4E3E69-7C58-4498-BA7A-2F1C95D10B4D}.Debug|Any CPU.ActiveCfg = Debug|Any CPU
		{3A4E3E69-7C58-4498-BA7A-2F1C95D10B4D}.Debug|Any CPU.Build.0 = Debug|Any CPU
		{3A4E3E69-7C58-4498-BA7A-2F1C95D10B4D}.Release|Any CPU.ActiveCfg = Release|Any CPU
		{3A4E3E69-7C58-4498-BA7A-2F1C95D10B4D}.Release|Any CPU.Build.0 = Release|Any CPU
	EndGlobalSection
	GlobalSection(SolutionProperties) = preSolution
		HideSolutionNode = FALSE
	EndGlobalSection
	GlobalSection(ExtensibilityGlobals) = postSolution
		SolutionGuid = {59398917-57AB-43BA-9432-08A7A0FE8085}
	EndGlobalSection
EndGlobal
